// !$*UTF8*$!
{
	archiveVersion = 1;
	classes = {
	};
	objectVersion = 56;
	objects = {

/* Begin PBXBuildFile section */
		AF18D6C128914FB90003815B /* UserOfflineView.swift in Sources */ = {isa = PBXBuildFile; fileRef = AF18D6C028914FB90003815B /* UserOfflineView.swift */; };
		AF18D6C3289157D90003815B /* GirdLayoutView.swift in Sources */ = {isa = PBXBuildFile; fileRef = AF18D6C2289157D90003815B /* GirdLayoutView.swift */; };
		AF18FE7428900AE80009A133 /* Users.xcdatamodeld in Sources */ = {isa = PBXBuildFile; fileRef = AF18FE7228900AE80009A133 /* Users.xcdatamodeld */; };
		AF18FE7E28900F7B0009A133 /* AddView.swift in Sources */ = {isa = PBXBuildFile; fileRef = AF18FE7D28900F7B0009A133 /* AddView.swift */; };
		AF3D9CCC289179ED006DF226 /* FriendsData+CoreDataClass.swift in Sources */ = {isa = PBXBuildFile; fileRef = AF3D9CC8289179ED006DF226 /* FriendsData+CoreDataClass.swift */; };
		AF3D9CCD289179ED006DF226 /* FriendsData+CoreDataProperties.swift in Sources */ = {isa = PBXBuildFile; fileRef = AF3D9CC9289179ED006DF226 /* FriendsData+CoreDataProperties.swift */; };
		AF3D9CCE289179ED006DF226 /* UsersData+CoreDataClass.swift in Sources */ = {isa = PBXBuildFile; fileRef = AF3D9CCA289179ED006DF226 /* UsersData+CoreDataClass.swift */; };
		AF3D9CCF289179ED006DF226 /* UsersData+CoreDataProperties.swift in Sources */ = {isa = PBXBuildFile; fileRef = AF3D9CCB289179ED006DF226 /* UsersData+CoreDataProperties.swift */; };
		AFC0548D288D1C8A00EF3C78 /* UrlSessions.swift in Sources */ = {isa = PBXBuildFile; fileRef = AFC0548C288D1C8A00EF3C78 /* UrlSessions.swift */; };
		AFC0548F288D21C500EF3C78 /* UserOnlineView.swift in Sources */ = {isa = PBXBuildFile; fileRef = AFC0548E288D21C500EF3C78 /* UserOnlineView.swift */; };
		AFDF7334288BE3960098E631 /* FriendFaceSwiftUIApp.swift in Sources */ = {isa = PBXBuildFile; fileRef = AFDF7333288BE3960098E631 /* FriendFaceSwiftUIApp.swift */; };
		AFDF7336288BE3960098E631 /* ContentView.swift in Sources */ = {isa = PBXBuildFile; fileRef = AFDF7335288BE3960098E631 /* ContentView.swift */; };
		AFDF7338288BE3970098E631 /* Assets.xcassets in Resources */ = {isa = PBXBuildFile; fileRef = AFDF7337288BE3970098E631 /* Assets.xcassets */; };
		AFDF733B288BE3970098E631 /* Preview Assets.xcassets in Resources */ = {isa = PBXBuildFile; fileRef = AFDF733A288BE3970098E631 /* Preview Assets.xcassets */; };
		AFDF7342288BE43B0098E631 /* UserData.swift in Sources */ = {isa = PBXBuildFile; fileRef = AFDF7341288BE43B0098E631 /* UserData.swift */; };
		AFEA5C4F288FD8D6007618BE /* DataController.swift in Sources */ = {isa = PBXBuildFile; fileRef = AFEA5C4E288FD8D6007618BE /* DataController.swift */; };
/* End PBXBuildFile section */

/* Begin PBXFileReference section */
		AF18D6C028914FB90003815B /* UserOfflineView.swift */ = {isa = PBXFileReference; lastKnownFileType = sourcecode.swift; path = UserOfflineView.swift; sourceTree = "<group>"; };
		AF18D6C2289157D90003815B /* GirdLayoutView.swift */ = {isa = PBXFileReference; lastKnownFileType = sourcecode.swift; path = GirdLayoutView.swift; sourceTree = "<group>"; };
		AF18FE7328900AE80009A133 /* Users.xcdatamodel */ = {isa = PBXFileReference; lastKnownFileType = wrapper.xcdatamodel; path = Users.xcdatamodel; sourceTree = "<group>"; };
		AF18FE7D28900F7B0009A133 /* AddView.swift */ = {isa = PBXFileReference; lastKnownFileType = sourcecode.swift; path = AddView.swift; sourceTree = "<group>"; };
		AF3D9CC8289179ED006DF226 /* FriendsData+CoreDataClass.swift */ = {isa = PBXFileReference; lastKnownFileType = sourcecode.swift; path = "FriendsData+CoreDataClass.swift"; sourceTree = "<group>"; };
		AF3D9CC9289179ED006DF226 /* FriendsData+CoreDataProperties.swift */ = {isa = PBXFileReference; lastKnownFileType = sourcecode.swift; path = "FriendsData+CoreDataProperties.swift"; sourceTree = "<group>"; };
		AF3D9CCA289179ED006DF226 /* UsersData+CoreDataClass.swift */ = {isa = PBXFileReference; lastKnownFileType = sourcecode.swift; path = "UsersData+CoreDataClass.swift"; sourceTree = "<group>"; };
		AF3D9CCB289179ED006DF226 /* UsersData+CoreDataProperties.swift */ = {isa = PBXFileReference; lastKnownFileType = sourcecode.swift; path = "UsersData+CoreDataProperties.swift"; sourceTree = "<group>"; };
		AFC0548C288D1C8A00EF3C78 /* UrlSessions.swift */ = {isa = PBXFileReference; lastKnownFileType = sourcecode.swift; path = UrlSessions.swift; sourceTree = "<group>"; };
		AFC0548E288D21C500EF3C78 /* UserOnlineView.swift */ = {isa = PBXFileReference; lastKnownFileType = sourcecode.swift; path = UserOnlineView.swift; sourceTree = "<group>"; };
		AFDF7330288BE3960098E631 /* FriendFaceSwiftUI.app */ = {isa = PBXFileReference; explicitFileType = wrapper.application; includeInIndex = 0; path = FriendFaceSwiftUI.app; sourceTree = BUILT_PRODUCTS_DIR; };
		AFDF7333288BE3960098E631 /* FriendFaceSwiftUIApp.swift */ = {isa = PBXFileReference; lastKnownFileType = sourcecode.swift; path = FriendFaceSwiftUIApp.swift; sourceTree = "<group>"; };
		AFDF7335288BE3960098E631 /* ContentView.swift */ = {isa = PBXFileReference; lastKnownFileType = sourcecode.swift; path = ContentView.swift; sourceTree = "<group>"; };
		AFDF7337288BE3970098E631 /* Assets.xcassets */ = {isa = PBXFileReference; lastKnownFileType = folder.assetcatalog; path = Assets.xcassets; sourceTree = "<group>"; };
		AFDF733A288BE3970098E631 /* Preview Assets.xcassets */ = {isa = PBXFileReference; lastKnownFileType = folder.assetcatalog; path = "Preview Assets.xcassets"; sourceTree = "<group>"; };
		AFDF7341288BE43B0098E631 /* UserData.swift */ = {isa = PBXFileReference; lastKnownFileType = sourcecode.swift; path = UserData.swift; sourceTree = "<group>"; };
		AFEA5C4E288FD8D6007618BE /* DataController.swift */ = {isa = PBXFileReference; lastKnownFileType = sourcecode.swift; path = DataController.swift; sourceTree = "<group>"; };
/* End PBXFileReference section */

/* Begin PBXFrameworksBuildPhase section */
		AFDF732D288BE3960098E631 /* Frameworks */ = {
			isa = PBXFrameworksBuildPhase;
			buildActionMask = 2147483647;
			files = (
			);
			runOnlyForDeploymentPostprocessing = 0;
		};
/* End PBXFrameworksBuildPhase section */

/* Begin PBXGroup section */
		AFDF7327288BE3960098E631 = {
			isa = PBXGroup;
			children = (
				AFDF7332288BE3960098E631 /* FriendFaceSwiftUI */,
				AFDF7331288BE3960098E631 /* Products */,
			);
			sourceTree = "<group>";
		};
		AFDF7331288BE3960098E631 /* Products */ = {
			isa = PBXGroup;
			children = (
				AFDF7330288BE3960098E631 /* FriendFaceSwiftUI.app */,
			);
			name = Products;
			sourceTree = "<group>";
		};
		AFDF7332288BE3960098E631 /* FriendFaceSwiftUI */ = {
			isa = PBXGroup;
			children = (
				AF3D9CC8289179ED006DF226 /* FriendsData+CoreDataClass.swift */,
				AF3D9CC9289179ED006DF226 /* FriendsData+CoreDataProperties.swift */,
				AF3D9CCA289179ED006DF226 /* UsersData+CoreDataClass.swift */,
				AF3D9CCB289179ED006DF226 /* UsersData+CoreDataProperties.swift */,
				AFDF7333288BE3960098E631 /* FriendFaceSwiftUIApp.swift */,
				AFDF7335288BE3960098E631 /* ContentView.swift */,
				AF18D6C2289157D90003815B /* GirdLayoutView.swift */,
				AFC0548E288D21C500EF3C78 /* UserOnlineView.swift */,
				AF18D6C028914FB90003815B /* UserOfflineView.swift */,
				AFC0548C288D1C8A00EF3C78 /* UrlSessions.swift */,
				AF18FE7D28900F7B0009A133 /* AddView.swift */,
				AFDF7341288BE43B0098E631 /* UserData.swift */,
				AFEA5C4E288FD8D6007618BE /* DataController.swift */,
				AF18FE7228900AE80009A133 /* Users.xcdatamodeld */,
				AFDF7337288BE3970098E631 /* Assets.xcassets */,
				AFDF7339288BE3970098E631 /* Preview Content */,
			);
			path = FriendFaceSwiftUI;
			sourceTree = "<group>";
		};
		AFDF7339288BE3970098E631 /* Preview Content */ = {
			isa = PBXGroup;
			children = (
				AFDF733A288BE3970098E631 /* Preview Assets.xcassets */,
			);
			path = "Preview Content";
			sourceTree = "<group>";
		};
/* End PBXGroup section */

/* Begin PBXNativeTarget section */
		AFDF732F288BE3960098E631 /* FriendFaceSwiftUI */ = {
			isa = PBXNativeTarget;
			buildConfigurationList = AFDF733E288BE3970098E631 /* Build configuration list for PBXNativeTarget "FriendFaceSwiftUI" */;
			buildPhases = (
				AFDF732C288BE3960098E631 /* Sources */,
				AFDF732D288BE3960098E631 /* Frameworks */,
				AFDF732E288BE3960098E631 /* Resources */,
			);
			buildRules = (
			);
			dependencies = (
			);
			name = FriendFaceSwiftUI;
			productName = FriendFaceSwiftUI;
			productReference = AFDF7330288BE3960098E631 /* FriendFaceSwiftUI.app */;
			productType = "com.apple.product-type.application";
		};
/* End PBXNativeTarget section */

/* Begin PBXProject section */
		AFDF7328288BE3960098E631 /* Project object */ = {
			isa = PBXProject;
			attributes = {
				BuildIndependentTargetsInParallel = 1;
				LastSwiftUpdateCheck = 1400;
				LastUpgradeCheck = 1400;
				TargetAttributes = {
					AFDF732F288BE3960098E631 = {
						CreatedOnToolsVersion = 14.0;
					};
				};
			};
			buildConfigurationList = AFDF732B288BE3960098E631 /* Build configuration list for PBXProject "FriendFaceSwiftUI" */;
			compatibilityVersion = "Xcode 14.0";
			developmentRegion = en;
			hasScannedForEncodings = 0;
			knownRegions = (
				en,
				Base,
			);
			mainGroup = AFDF7327288BE3960098E631;
			productRefGroup = AFDF7331288BE3960098E631 /* Products */;
			projectDirPath = "";
			projectRoot = "";
			targets = (
				AFDF732F288BE3960098E631 /* FriendFaceSwiftUI */,
			);
		};
/* End PBXProject section */

/* Begin PBXResourcesBuildPhase section */
		AFDF732E288BE3960098E631 /* Resources */ = {
			isa = PBXResourcesBuildPhase;
			buildActionMask = 2147483647;
			files = (
				AFDF733B288BE3970098E631 /* Preview Assets.xcassets in Resources */,
				AFDF7338288BE3970098E631 /* Assets.xcassets in Resources */,
			);
			runOnlyForDeploymentPostprocessing = 0;
		};
/* End PBXResourcesBuildPhase section */

/* Begin PBXSourcesBuildPhase section */
		AFDF732C288BE3960098E631 /* Sources */ = {
			isa = PBXSourcesBuildPhase;
			buildActionMask = 2147483647;
			files = (
				AF3D9CCF289179ED006DF226 /* UsersData+CoreDataProperties.swift in Sources */,
				AFEA5C4F288FD8D6007618BE /* DataController.swift in Sources */,
				AF3D9CCC289179ED006DF226 /* FriendsData+CoreDataClass.swift in Sources */,
				AF18D6C128914FB90003815B /* UserOfflineView.swift in Sources */,
				AF3D9CCE289179ED006DF226 /* UsersData+CoreDataClass.swift in Sources */,
				AF3D9CCD289179ED006DF226 /* FriendsData+CoreDataProperties.swift in Sources */,
				AF18FE7428900AE80009A133 /* Users.xcdatamodeld in Sources */,
				AFDF7336288BE3960098E631 /* ContentView.swift in Sources */,
				AF18D6C3289157D90003815B /* GirdLayoutView.swift in Sources */,
				AFC0548D288D1C8A00EF3C78 /* UrlSessions.swift in Sources */,
				AFC0548F288D21C500EF3C78 /* UserOnlineView.swift in Sources */,
				AF18FE7E28900F7B0009A133 /* AddView.swift in Sources */,
				AFDF7334288BE3960098E631 /* FriendFaceSwiftUIApp.swift in Sources */,
				AFDF7342288BE43B0098E631 /* UserData.swift in Sources */,
			);
			runOnlyForDeploymentPostprocessing = 0;
		};
/* End PBXSourcesBuildPhase section */

/* Begin XCBuildConfiguration section */
		AFDF733C288BE3970098E631 /* Debug */ = {
			isa = XCBuildConfiguration;
			buildSettings = {
				ALWAYS_SEARCH_USER_PATHS = NO;
				CLANG_ANALYZER_NONNULL = YES;
				CLANG_ANALYZER_NUMBER_OBJECT_CONVERSION = YES_AGGRESSIVE;
				CLANG_CXX_LANGUAGE_STANDARD = "gnu++20";
				CLANG_ENABLE_MODULES = YES;
				CLANG_ENABLE_OBJC_ARC = YES;
				CLANG_ENABLE_OBJC_WEAK = YES;
				CLANG_WARN_BLOCK_CAPTURE_AUTORELEASING = YES;
				CLANG_WARN_BOOL_CONVERSION = YES;
				CLANG_WARN_COMMA = YES;
				CLANG_WARN_CONSTANT_CONVERSION = YES;
				CLANG_WARN_DEPRECATED_OBJC_IMPLEMENTATIONS = YES;
				CLANG_WARN_DIRECT_OBJC_ISA_USAGE = YES_ERROR;
				CLANG_WARN_DOCUMENTATION_COMMENTS = YES;
				CLANG_WARN_EMPTY_BODY = YES;
				CLANG_WARN_ENUM_CONVERSION = YES;
				CLANG_WARN_INFINITE_RECURSION = YES;
				CLANG_WARN_INT_CONVERSION = YES;
				CLANG_WARN_NON_LITERAL_NULL_CONVERSION = YES;
				CLANG_WARN_OBJC_IMPLICIT_RETAIN_SELF = YES;
				CLANG_WARN_OBJC_LITERAL_CONVERSION = YES;
				CLANG_WARN_OBJC_ROOT_CLASS = YES_ERROR;
				CLANG_WARN_QUOTED_INCLUDE_IN_FRAMEWORK_HEADER = YES;
				CLANG_WARN_RANGE_LOOP_ANALYSIS = YES;
				CLANG_WARN_STRICT_PROTOTYPES = YES;
				CLANG_WARN_SUSPICIOUS_MOVE = YES;
				CLANG_WARN_UNGUARDED_AVAILABILITY = YES_AGGRESSIVE;
				CLANG_WARN_UNREACHABLE_CODE = YES;
				CLANG_WARN__DUPLICATE_METHOD_MATCH = YES;
				COPY_PHASE_STRIP = NO;
				DEBUG_INFORMATION_FORMAT = dwarf;
				ENABLE_STRICT_OBJC_MSGSEND = YES;
				ENABLE_TESTABILITY = YES;
				GCC_C_LANGUAGE_STANDARD = gnu11;
				GCC_DYNAMIC_NO_PIC = NO;
				GCC_NO_COMMON_BLOCKS = YES;
				GCC_OPTIMIZATION_LEVEL = 0;
				GCC_PREPROCESSOR_DEFINITIONS = (
					"DEBUG=1",
					"$(inherited)",
				);
				GCC_WARN_64_TO_32_BIT_CONVERSION = YES;
				GCC_WARN_ABOUT_RETURN_TYPE = YES_ERROR;
				GCC_WARN_UNDECLARED_SELECTOR = YES;
				GCC_WARN_UNINITIALIZED_AUTOS = YES_AGGRESSIVE;
				GCC_WARN_UNUSED_FUNCTION = YES;
				GCC_WARN_UNUSED_VARIABLE = YES;
				IPHONEOS_DEPLOYMENT_TARGET = 15.0;
				MTL_ENABLE_DEBUG_INFO = INCLUDE_SOURCE;
				MTL_FAST_MATH = YES;
				ONLY_ACTIVE_ARCH = YES;
				SDKROOT = iphoneos;
				SWIFT_ACTIVE_COMPILATION_CONDITIONS = DEBUG;
				SWIFT_OPTIMIZATION_LEVEL = "-Onone";
			};
			name = Debug;
		};
		AFDF733D288BE3970098E631 /* Release */ = {
			isa = XCBuildConfiguration;
			buildSettings = {
				ALWAYS_SEARCH_USER_PATHS = NO;
				CLANG_ANALYZER_NONNULL = YES;
				CLANG_ANALYZER_NUMBER_OBJECT_CONVERSION = YES_AGGRESSIVE;
				CLANG_CXX_LANGUAGE_STANDARD = "gnu++20";
				CLANG_ENABLE_MODULES = YES;
				CLANG_ENABLE_OBJC_ARC = YES;
				CLANG_ENABLE_OBJC_WEAK = YES;
				CLANG_WARN_BLOCK_CAPTURE_AUTORELEASING = YES;
				CLANG_WARN_BOOL_CONVERSION = YES;
				CLANG_WARN_COMMA = YES;
				CLANG_WARN_CONSTANT_CONVERSION = YES;
				CLANG_WARN_DEPRECATED_OBJC_IMPLEMENTATIONS = YES;
				CLANG_WARN_DIRECT_OBJC_ISA_USAGE = YES_ERROR;
				CLANG_WARN_DOCUMENTATION_COMMENTS = YES;
				CLANG_WARN_EMPTY_BODY = YES;
				CLANG_WARN_ENUM_CONVERSION = YES;
				CLANG_WARN_INFINITE_RECURSION = YES;
				CLANG_WARN_INT_CONVERSION = YES;
				CLANG_WARN_NON_LITERAL_NULL_CONVERSION = YES;
				CLANG_WARN_OBJC_IMPLICIT_RETAIN_SELF = YES;
				CLANG_WARN_OBJC_LITERAL_CONVERSION = YES;
				CLANG_WARN_OBJC_ROOT_CLASS = YES_ERROR;
				CLANG_WARN_QUOTED_INCLUDE_IN_FRAMEWORK_HEADER = YES;
				CLANG_WARN_RANGE_LOOP_ANALYSIS = YES;
				CLANG_WARN_STRICT_PROTOTYPES = YES;
				CLANG_WARN_SUSPICIOUS_MOVE = YES;
				CLANG_WARN_UNGUARDED_AVAILABILITY = YES_AGGRESSIVE;
				CLANG_WARN_UNREACHABLE_CODE = YES;
				CLANG_WARN__DUPLICATE_METHOD_MATCH = YES;
				COPY_PHASE_STRIP = NO;
				DEBUG_INFORMATION_FORMAT = "dwarf-with-dsym";
				ENABLE_NS_ASSERTIONS = NO;
				ENABLE_STRICT_OBJC_MSGSEND = YES;
				GCC_C_LANGUAGE_STANDARD = gnu11;
				GCC_NO_COMMON_BLOCKS = YES;
				GCC_WARN_64_TO_32_BIT_CONVERSION = YES;
				GCC_WARN_ABOUT_RETURN_TYPE = YES_ERROR;
				GCC_WARN_UNDECLARED_SELECTOR = YES;
				GCC_WARN_UNINITIALIZED_AUTOS = YES_AGGRESSIVE;
				GCC_WARN_UNUSED_FUNCTION = YES;
				GCC_WARN_UNUSED_VARIABLE = YES;
				IPHONEOS_DEPLOYMENT_TARGET = 15.0;
				MTL_ENABLE_DEBUG_INFO = NO;
				MTL_FAST_MATH = YES;
				SDKROOT = iphoneos;
				SWIFT_COMPILATION_MODE = wholemodule;
				SWIFT_OPTIMIZATION_LEVEL = "-O";
				VALIDATE_PRODUCT = YES;
			};
			name = Release;
		};
		AFDF733F288BE3970098E631 /* Debug */ = {
			isa = XCBuildConfiguration;
			buildSettings = {
				ASSETCATALOG_COMPILER_APPICON_NAME = AppIcon;
				ASSETCATALOG_COMPILER_GLOBAL_ACCENT_COLOR_NAME = AccentColor;
				CODE_SIGN_STYLE = Automatic;
				CURRENT_PROJECT_VERSION = 1;
				DEVELOPMENT_ASSET_PATHS = "\"FriendFaceSwiftUI/Preview Content\"";
				ENABLE_PREVIEWS = YES;
				GENERATE_INFOPLIST_FILE = YES;
				INFOPLIST_KEY_UIApplicationSceneManifest_Generation = YES;
				INFOPLIST_KEY_UIApplicationSupportsIndirectInputEvents = YES;
				INFOPLIST_KEY_UILaunchScreen_Generation = YES;
				INFOPLIST_KEY_UISupportedInterfaceOrientations_iPad = "UIInterfaceOrientationPortrait UIInterfaceOrientationPortraitUpsideDown UIInterfaceOrientationLandscapeLeft UIInterfaceOrientationLandscapeRight";
				INFOPLIST_KEY_UISupportedInterfaceOrientations_iPhone = "UIInterfaceOrientationPortrait UIInterfaceOrientationLandscapeLeft UIInterfaceOrientationLandscapeRight";
				LD_RUNPATH_SEARCH_PATHS = (
					"$(inherited)",
					"@executable_path/Frameworks",
				);
				MARKETING_VERSION = 1.0;
				PRODUCT_BUNDLE_IDENTIFIER = appsaf2k.FriendFaceSwiftUI;
				PRODUCT_NAME = "$(TARGET_NAME)";
				SWIFT_EMIT_LOC_STRINGS = YES;
				SWIFT_VERSION = 5.0;
				TARGETED_DEVICE_FAMILY = "1,2";
			};
			name = Debug;
		};
		AFDF7340288BE3970098E631 /* Release */ = {
			isa = XCBuildConfiguration;
			buildSettings = {
				ASSETCATALOG_COMPILER_APPICON_NAME = AppIcon;
				ASSETCATALOG_COMPILER_GLOBAL_ACCENT_COLOR_NAME = AccentColor;
				CODE_SIGN_STYLE = Automatic;
				CURRENT_PROJECT_VERSION = 1;
				DEVELOPMENT_ASSET_PATHS = "\"FriendFaceSwiftUI/Preview Content\"";
				ENABLE_PREVIEWS = YES;
				GENERATE_INFOPLIST_FILE = YES;
				INFOPLIST_KEY_UIApplicationSceneManifest_Generation = YES;
				INFOPLIST_KEY_UIApplicationSupportsIndirectInputEvents = YES;
				INFOPLIST_KEY_UILaunchScreen_Generation = YES;
				INFOPLIST_KEY_UISupportedInterfaceOrientations_iPad = "UIInterfaceOrientationPortrait UIInterfaceOrientationPortraitUpsideDown UIInterfaceOrientationLandscapeLeft UIInterfaceOrientationLandscapeRight";
				INFOPLIST_KEY_UISupportedInterfaceOrientations_iPhone = "UIInterfaceOrientationPortrait UIInterfaceOrientationLandscapeLeft UIInterfaceOrientationLandscapeRight";
				LD_RUNPATH_SEARCH_PATHS = (
					"$(inherited)",
					"@executable_path/Frameworks",
				);
				MARKETING_VERSION = 1.0;
				PRODUCT_BUNDLE_IDENTIFIER = appsaf2k.FriendFaceSwiftUI;
				PRODUCT_NAME = "$(TARGET_NAME)";
				SWIFT_EMIT_LOC_STRINGS = YES;
				SWIFT_VERSION = 5.0;
				TARGETED_DEVICE_FAMILY = "1,2";
			};
			name = Release;
		};
/* End XCBuildConfiguration section */

/* Begin XCConfigurationList section */
		AFDF732B288BE3960098E631 /* Build configuration list for PBXProject "FriendFaceSwiftUI" */ = {
			isa = XCConfigurationList;
			buildConfigurations = (
				AFDF733C288BE3970098E631 /* Debug */,
				AFDF733D288BE3970098E631 /* Release */,
			);
			defaultConfigurationIsVisible = 0;
			defaultConfigurationName = Release;
		};
		AFDF733E288BE3970098E631 /* Build configuration list for PBXNativeTarget "FriendFaceSwiftUI" */ = {
			isa = XCConfigurationList;
			buildConfigurations = (
				AFDF733F288BE3970098E631 /* Debug */,
				AFDF7340288BE3970098E631 /* Release */,
			);
			defaultConfigurationIsVisible = 0;
			defaultConfigurationName = Release;
		};
/* End XCConfigurationList section */

/* Begin XCVersionGroup section */
		AF18FE7228900AE80009A133 /* Users.xcdatamodeld */ = {
			isa = XCVersionGroup;
			children = (
				AF18FE7328900AE80009A133 /* Users.xcdatamodel */,
			);
			currentVersion = AF18FE7328900AE80009A133 /* Users.xcdatamodel */;
			path = Users.xcdatamodeld;
			sourceTree = "<group>";
			versionGroupType = wrapper.xcdatamodel;
		};
/* End XCVersionGroup section */
	};
	rootObject = AFDF7328288BE3960098E631 /* Project object */;
}
